
Microsoft Visual Studio Solution File, Format Version 12.00
# Visual Studio 15
VisualStudioVersion = 15.0.27004.2002
MinimumVisualStudioVersion = 10.0.40219.1
Project("{9A19103F-16F7-4668-BE54-9A1E7A4F7556}") = "Mynt.Functions", "Mynt.Functions\Mynt.Functions.csproj", "{30DE788A-0914-4842-9AC7-3A65E2397DB6}"
EndProject
Project("{FAE04EC0-301F-11D3-BF4B-00C04F79EFBC}") = "Mynt.BackTester", "Mynt.BackTester\Mynt.BackTester.csproj", "{10C20036-7AD4-4A18-A4FA-5662E0B121C4}"
EndProject
Project("{FAE04EC0-301F-11D3-BF4B-00C04F79EFBC}") = "Mynt.Core", "Mynt.Core\Mynt.Core.csproj", "{E1879751-5218-46F9-9D5A-D52079FE58BD}"
EndProject
Global
	GlobalSection(SolutionConfigurationPlatforms) = preSolution
		Debug|Any CPU = Debug|Any CPU
		Release|Any CPU = Release|Any CPU
	EndGlobalSection
	GlobalSection(ProjectConfigurationPlatforms) = postSolution
		{30DE788A-0914-4842-9AC7-3A65E2397DB6}.Debug|Any CPU.ActiveCfg = Debug|Any CPU
		{30DE788A-0914-4842-9AC7-3A65E2397DB6}.Debug|Any CPU.Build.0 = Debug|Any CPU
		{30DE788A-0914-4842-9AC7-3A65E2397DB6}.Release|Any CPU.ActiveCfg = Release|Any CPU
		{30DE788A-0914-4842-9AC7-3A65E2397DB6}.Release|Any CPU.Build.0 = Release|Any CPU
		{10C20036-7AD4-4A18-A4FA-5662E0B121C4}.Debug|Any CPU.ActiveCfg = Debug|Any CPU
		{10C20036-7AD4-4A18-A4FA-5662E0B121C4}.Debug|Any CPU.Build.0 = Debug|Any CPU
		{10C20036-7AD4-4A18-A4FA-5662E0B121C4}.Release|Any CPU.ActiveCfg = Release|Any CPU
		{10C20036-7AD4-4A18-A4FA-5662E0B121C4}.Release|Any CPU.Build.0 = Release|Any CPU
		{E1879751-5218-46F9-9D5A-D52079FE58BD}.Debug|Any CPU.ActiveCfg = Debug|Any CPU
		{E1879751-5218-46F9-9D5A-D52079FE58BD}.Debug|Any CPU.Build.0 = Debug|Any CPU
		{E1879751-5218-46F9-9D5A-D52079FE58BD}.Release|Any CPU.ActiveCfg = Release|Any CPU
		{E1879751-5218-46F9-9D5A-D52079FE58BD}.Release|Any CPU.Build.0 = Release|Any CPU
	EndGlobalSection
	GlobalSection(SolutionProperties) = preSolution
		HideSolutionNode = FALSE
	EndGlobalSection
	GlobalSection(ExtensibilityGlobals) = postSolution
		SolutionGuid = {21241D70-FED4-4D2B-A54A-1E76D83D751E}
	EndGlobalSection
EndGlobal
