
Microsoft Visual Studio Solution File, Format Version 12.00
# Visual Studio 2012
Project("{FAE04EC0-301F-11D3-BF4B-00C04F79EFBC}") = "Mynt", "Mynt\Mynt.csproj", "{AF403F65-C853-4D3B-97F9-FEF54EA6EAB6}"
EndProject
Project("{FAE04EC0-301F-11D3-BF4B-00C04F79EFBC}") = "Mynt.iOS", "iOS\Mynt.iOS.csproj", "{ADC3517B-E2D9-4254-A0B6-310B4F94109F}"
EndProject
Project("{FAE04EC0-301F-11D3-BF4B-00C04F79EFBC}") = "Mynt.Droid", "Droid\Mynt.Droid.csproj", "{0AC678EE-452C-4315-B478-6B88562994A7}"
EndProject
Global
	GlobalSection(SolutionConfigurationPlatforms) = preSolution
		Debug|Any CPU = Debug|Any CPU
		Release|Any CPU = Release|Any CPU
		Debug|iPhoneSimulator = Debug|iPhoneSimulator
		Release|iPhone = Release|iPhone
		Release|iPhoneSimulator = Release|iPhoneSimulator
		Debug|iPhone = Debug|iPhone
	EndGlobalSection
	GlobalSection(ProjectConfigurationPlatforms) = postSolution
		{AF403F65-C853-4D3B-97F9-FEF54EA6EAB6}.Debug|Any CPU.ActiveCfg = Debug|Any CPU
		{AF403F65-C853-4D3B-97F9-FEF54EA6EAB6}.Debug|Any CPU.Build.0 = Debug|Any CPU
		{AF403F65-C853-4D3B-97F9-FEF54EA6EAB6}.Release|Any CPU.ActiveCfg = Release|Any CPU
		{AF403F65-C853-4D3B-97F9-FEF54EA6EAB6}.Release|Any CPU.Build.0 = Release|Any CPU
		{AF403F65-C853-4D3B-97F9-FEF54EA6EAB6}.Debug|iPhoneSimulator.ActiveCfg = Debug|Any CPU
		{AF403F65-C853-4D3B-97F9-FEF54EA6EAB6}.Debug|iPhoneSimulator.Build.0 = Debug|Any CPU
		{AF403F65-C853-4D3B-97F9-FEF54EA6EAB6}.Release|iPhone.ActiveCfg = Release|Any CPU
		{AF403F65-C853-4D3B-97F9-FEF54EA6EAB6}.Release|iPhone.Build.0 = Release|Any CPU
		{AF403F65-C853-4D3B-97F9-FEF54EA6EAB6}.Release|iPhoneSimulator.ActiveCfg = Release|Any CPU
		{AF403F65-C853-4D3B-97F9-FEF54EA6EAB6}.Release|iPhoneSimulator.Build.0 = Release|Any CPU
		{AF403F65-C853-4D3B-97F9-FEF54EA6EAB6}.Debug|iPhone.ActiveCfg = Debug|Any CPU
		{AF403F65-C853-4D3B-97F9-FEF54EA6EAB6}.Debug|iPhone.Build.0 = Debug|Any CPU
		{ADC3517B-E2D9-4254-A0B6-310B4F94109F}.Debug|Any CPU.ActiveCfg = Debug|iPhoneSimulator
		{ADC3517B-E2D9-4254-A0B6-310B4F94109F}.Debug|Any CPU.Build.0 = Debug|iPhoneSimulator
		{ADC3517B-E2D9-4254-A0B6-310B4F94109F}.Release|Any CPU.ActiveCfg = Release|iPhone
		{ADC3517B-E2D9-4254-A0B6-310B4F94109F}.Release|Any CPU.Build.0 = Release|iPhone
		{ADC3517B-E2D9-4254-A0B6-310B4F94109F}.Debug|iPhoneSimulator.ActiveCfg = Debug|iPhoneSimulator
		{ADC3517B-E2D9-4254-A0B6-310B4F94109F}.Debug|iPhoneSimulator.Build.0 = Debug|iPhoneSimulator
		{ADC3517B-E2D9-4254-A0B6-310B4F94109F}.Release|iPhone.ActiveCfg = Release|iPhone
		{ADC3517B-E2D9-4254-A0B6-310B4F94109F}.Release|iPhone.Build.0 = Release|iPhone
		{ADC3517B-E2D9-4254-A0B6-310B4F94109F}.Release|iPhoneSimulator.ActiveCfg = Release|iPhoneSimulator
		{ADC3517B-E2D9-4254-A0B6-310B4F94109F}.Release|iPhoneSimulator.Build.0 = Release|iPhoneSimulator
		{ADC3517B-E2D9-4254-A0B6-310B4F94109F}.Debug|iPhone.ActiveCfg = Debug|iPhone
		{ADC3517B-E2D9-4254-A0B6-310B4F94109F}.Debug|iPhone.Build.0 = Debug|iPhone
		{0AC678EE-452C-4315-B478-6B88562994A7}.Debug|Any CPU.ActiveCfg = Debug|Any CPU
		{0AC678EE-452C-4315-B478-6B88562994A7}.Debug|Any CPU.Build.0 = Debug|Any CPU
		{0AC678EE-452C-4315-B478-6B88562994A7}.Release|Any CPU.ActiveCfg = Release|Any CPU
		{0AC678EE-452C-4315-B478-6B88562994A7}.Release|Any CPU.Build.0 = Release|Any CPU
		{0AC678EE-452C-4315-B478-6B88562994A7}.Debug|iPhoneSimulator.ActiveCfg = Debug|Any CPU
		{0AC678EE-452C-4315-B478-6B88562994A7}.Debug|iPhoneSimulator.Build.0 = Debug|Any CPU
		{0AC678EE-452C-4315-B478-6B88562994A7}.Release|iPhone.ActiveCfg = Release|Any CPU
		{0AC678EE-452C-4315-B478-6B88562994A7}.Release|iPhone.Build.0 = Release|Any CPU
		{0AC678EE-452C-4315-B478-6B88562994A7}.Release|iPhoneSimulator.ActiveCfg = Release|Any CPU
		{0AC678EE-452C-4315-B478-6B88562994A7}.Release|iPhoneSimulator.Build.0 = Release|Any CPU
		{0AC678EE-452C-4315-B478-6B88562994A7}.Debug|iPhone.ActiveCfg = Debug|Any CPU
		{0AC678EE-452C-4315-B478-6B88562994A7}.Debug|iPhone.Build.0 = Debug|Any CPU
	EndGlobalSection
EndGlobal
