Microsoft Visual Studio Solution File, Format Version 12.00
# Visual Studio 15
VisualStudioVersion = 15.0.27428.2015
MinimumVisualStudioVersion = 10.0.40219.1
Project("{9A19103F-16F7-4668-BE54-9A1E7A4F7556}") = "Mynt.Functions", "Mynt.Functions\Mynt.Functions.csproj", "{7840233D-6CDA-4535-8F58-3F2235FD63AD}"
EndProject
Project("{9A19103F-16F7-4668-BE54-9A1E7A4F7556}") = "Mynt.Core", "Mynt.Core\Mynt.Core.csproj", "{0D33270E-D419-4839-9CCB-3DD2DE277A67}"
EndProject
Project("{9A19103F-16F7-4668-BE54-9A1E7A4F7556}") = "Mynt.Data.AzureTableStorage", "Mynt.Data.AzureTableStorage\Mynt.Data.AzureTableStorage.csproj", "{E48797FD-0018-45FC-BD28-8C0F9BB1D27D}"
EndProject
Project("{2150E333-8FDC-42A3-9474-1A3956D46DE8}") = "docs", "docs", "{E9BA3CE1-0D22-4E6D-84C0-8BD426318613}"
	ProjectSection(SolutionItems) = preProject
		..\LICENSE = ..\LICENSE
		..\README.md = ..\README.md
	EndProjectSection
EndProject
Project("{9A19103F-16F7-4668-BE54-9A1E7A4F7556}") = "Mynt.Data.SqlServer", "Mynt.Data.SqlServer\Mynt.Data.SqlServer.csproj", "{8F96E6F8-B933-4C5A-9592-21A2209385DA}"
EndProject
Project("{9A19103F-16F7-4668-BE54-9A1E7A4F7556}") = "Mynt.Data.SQLite", "Mynt.Data.SQLite\Mynt.Data.SQLite.csproj", "{F5934EEF-3636-4A9D-86FA-660B9E8F40B8}"
EndProject
Project("{FAE04EC0-301F-11D3-BF4B-00C04F79EFBC}") = "Mynt.WindowsService", "Mynt.WindowsService\Mynt.WindowsService.csproj", "{939D07BD-43D5-4791-8857-AC76D1CED3EB}"
EndProject
Project("{2150E333-8FDC-42A3-9474-1A3956D46DE8}") = "data", "data", "{F34057AE-AC0B-4A0B-8B26-71FB4DC7F474}"
EndProject
Project("{2150E333-8FDC-42A3-9474-1A3956D46DE8}") = "running", "running", "{0A0E2DD3-2FBE-4B41-A8F3-3B3CA01830A2}"
EndProject
Project("{2150E333-8FDC-42A3-9474-1A3956D46DE8}") = "backtester", "backtester", "{942741EB-D3F2-4E7E-AE6D-11DFCC345375}"
EndProject
Project("{9A19103F-16F7-4668-BE54-9A1E7A4F7556}") = "Mynt.Console", "Mynt.Console\Mynt.Console.csproj", "{76202335-E1BB-4A82-A6CF-17787C11333E}"
EndProject
Project("{9A19103F-16F7-4668-BE54-9A1E7A4F7556}") = "Mynt.AspNetCore.Host", "Mynt.AspNetCore.Host\Mynt.AspNetCore.Host.csproj", "{192ADA12-7C0D-4671-AE53-329E0643E74B}"
EndProject
Project("{9A19103F-16F7-4668-BE54-9A1E7A4F7556}") = "Mynt.AspNetCore.Host.Console", "Mynt.AspNetCore.Host.Console\Mynt.AspNetCore.Host.Console.csproj", "{7EB03D08-0F33-4D60-84ED-66580E405F3F}"
EndProject
Project("{9A19103F-16F7-4668-BE54-9A1E7A4F7556}") = "Mynt.AspNetCore.WebApi", "Mynt.AspNetCore.WebApi\Mynt.AspNetCore.WebApi.csproj", "{E86E9B8D-BA2F-411E-BBD3-D70B0228A535}"
EndProject
Project("{2150E333-8FDC-42A3-9474-1A3956D46DE8}") = "_obsolete", "_obsolete", "{6C503BF8-763F-45E8-8D51-4BAFF1900A28}"
EndProject
Project("{9A19103F-16F7-4668-BE54-9A1E7A4F7556}") = "Mynt.AzureFunctions", "Mynt.AzureFunctions\Mynt.AzureFunctions.csproj", "{41710E78-907F-42E9-A43C-1142E64BD214}"
EndProject
Global
	GlobalSection(SolutionConfigurationPlatforms) = preSolution
		Debug|Any CPU = Debug|Any CPU
		Release|Any CPU = Release|Any CPU
	EndGlobalSection
	GlobalSection(ProjectConfigurationPlatforms) = postSolution
		{7840233D-6CDA-4535-8F58-3F2235FD63AD}.Debug|Any CPU.ActiveCfg = Debug|Any CPU
		{7840233D-6CDA-4535-8F58-3F2235FD63AD}.Debug|Any CPU.Build.0 = Debug|Any CPU
		{7840233D-6CDA-4535-8F58-3F2235FD63AD}.Release|Any CPU.ActiveCfg = Release|Any CPU
		{7840233D-6CDA-4535-8F58-3F2235FD63AD}.Release|Any CPU.Build.0 = Release|Any CPU
		{0D33270E-D419-4839-9CCB-3DD2DE277A67}.Debug|Any CPU.ActiveCfg = Debug|Any CPU
		{0D33270E-D419-4839-9CCB-3DD2DE277A67}.Debug|Any CPU.Build.0 = Debug|Any CPU
		{0D33270E-D419-4839-9CCB-3DD2DE277A67}.Release|Any CPU.ActiveCfg = Release|Any CPU
		{0D33270E-D419-4839-9CCB-3DD2DE277A67}.Release|Any CPU.Build.0 = Release|Any CPU
		{E48797FD-0018-45FC-BD28-8C0F9BB1D27D}.Debug|Any CPU.ActiveCfg = Debug|Any CPU
		{E48797FD-0018-45FC-BD28-8C0F9BB1D27D}.Debug|Any CPU.Build.0 = Debug|Any CPU
		{E48797FD-0018-45FC-BD28-8C0F9BB1D27D}.Release|Any CPU.ActiveCfg = Release|Any CPU
		{E48797FD-0018-45FC-BD28-8C0F9BB1D27D}.Release|Any CPU.Build.0 = Release|Any CPU
		{8F96E6F8-B933-4C5A-9592-21A2209385DA}.Debug|Any CPU.ActiveCfg = Debug|Any CPU
		{8F96E6F8-B933-4C5A-9592-21A2209385DA}.Debug|Any CPU.Build.0 = Debug|Any CPU
		{8F96E6F8-B933-4C5A-9592-21A2209385DA}.Release|Any CPU.ActiveCfg = Release|Any CPU
		{8F96E6F8-B933-4C5A-9592-21A2209385DA}.Release|Any CPU.Build.0 = Release|Any CPU
		{F5934EEF-3636-4A9D-86FA-660B9E8F40B8}.Debug|Any CPU.ActiveCfg = Debug|Any CPU
		{F5934EEF-3636-4A9D-86FA-660B9E8F40B8}.Debug|Any CPU.Build.0 = Debug|Any CPU
		{F5934EEF-3636-4A9D-86FA-660B9E8F40B8}.Release|Any CPU.ActiveCfg = Release|Any CPU
		{F5934EEF-3636-4A9D-86FA-660B9E8F40B8}.Release|Any CPU.Build.0 = Release|Any CPU
		{939D07BD-43D5-4791-8857-AC76D1CED3EB}.Debug|Any CPU.ActiveCfg = Debug|Any CPU
		{939D07BD-43D5-4791-8857-AC76D1CED3EB}.Debug|Any CPU.Build.0 = Debug|Any CPU
		{939D07BD-43D5-4791-8857-AC76D1CED3EB}.Release|Any CPU.ActiveCfg = Release|Any CPU
		{939D07BD-43D5-4791-8857-AC76D1CED3EB}.Release|Any CPU.Build.0 = Release|Any CPU
		{76202335-E1BB-4A82-A6CF-17787C11333E}.Debug|Any CPU.ActiveCfg = Debug|Any CPU
		{76202335-E1BB-4A82-A6CF-17787C11333E}.Debug|Any CPU.Build.0 = Debug|Any CPU
		{76202335-E1BB-4A82-A6CF-17787C11333E}.Release|Any CPU.ActiveCfg = Release|Any CPU
		{76202335-E1BB-4A82-A6CF-17787C11333E}.Release|Any CPU.Build.0 = Release|Any CPU
		{192ADA12-7C0D-4671-AE53-329E0643E74B}.Debug|Any CPU.ActiveCfg = Debug|Any CPU
		{192ADA12-7C0D-4671-AE53-329E0643E74B}.Debug|Any CPU.Build.0 = Debug|Any CPU
		{192ADA12-7C0D-4671-AE53-329E0643E74B}.Release|Any CPU.ActiveCfg = Release|Any CPU
		{192ADA12-7C0D-4671-AE53-329E0643E74B}.Release|Any CPU.Build.0 = Release|Any CPU
		{7EB03D08-0F33-4D60-84ED-66580E405F3F}.Debug|Any CPU.ActiveCfg = Debug|Any CPU
		{7EB03D08-0F33-4D60-84ED-66580E405F3F}.Debug|Any CPU.Build.0 = Debug|Any CPU
		{7EB03D08-0F33-4D60-84ED-66580E405F3F}.Release|Any CPU.ActiveCfg = Release|Any CPU
		{7EB03D08-0F33-4D60-84ED-66580E405F3F}.Release|Any CPU.Build.0 = Release|Any CPU
		{E86E9B8D-BA2F-411E-BBD3-D70B0228A535}.Debug|Any CPU.ActiveCfg = Debug|Any CPU
		{E86E9B8D-BA2F-411E-BBD3-D70B0228A535}.Debug|Any CPU.Build.0 = Debug|Any CPU
		{E86E9B8D-BA2F-411E-BBD3-D70B0228A535}.Release|Any CPU.ActiveCfg = Release|Any CPU
		{E86E9B8D-BA2F-411E-BBD3-D70B0228A535}.Release|Any CPU.Build.0 = Release|Any CPU
		{41710E78-907F-42E9-A43C-1142E64BD214}.Debug|Any CPU.ActiveCfg = Debug|Any CPU
		{41710E78-907F-42E9-A43C-1142E64BD214}.Debug|Any CPU.Build.0 = Debug|Any CPU
		{41710E78-907F-42E9-A43C-1142E64BD214}.Release|Any CPU.ActiveCfg = Release|Any CPU
		{41710E78-907F-42E9-A43C-1142E64BD214}.Release|Any CPU.Build.0 = Release|Any CPU
	EndGlobalSection
	GlobalSection(SolutionProperties) = preSolution
		HideSolutionNode = FALSE
	EndGlobalSection
	GlobalSection(NestedProjects) = preSolution
		{7840233D-6CDA-4535-8F58-3F2235FD63AD} = {0A0E2DD3-2FBE-4B41-A8F3-3B3CA01830A2}
		{E48797FD-0018-45FC-BD28-8C0F9BB1D27D} = {F34057AE-AC0B-4A0B-8B26-71FB4DC7F474}
		{8F96E6F8-B933-4C5A-9592-21A2209385DA} = {F34057AE-AC0B-4A0B-8B26-71FB4DC7F474}
		{F5934EEF-3636-4A9D-86FA-660B9E8F40B8} = {F34057AE-AC0B-4A0B-8B26-71FB4DC7F474}
		{939D07BD-43D5-4791-8857-AC76D1CED3EB} = {6C503BF8-763F-45E8-8D51-4BAFF1900A28}
		{76202335-E1BB-4A82-A6CF-17787C11333E} = {6C503BF8-763F-45E8-8D51-4BAFF1900A28}
		{192ADA12-7C0D-4671-AE53-329E0643E74B} = {0A0E2DD3-2FBE-4B41-A8F3-3B3CA01830A2}
		{7EB03D08-0F33-4D60-84ED-66580E405F3F} = {6C503BF8-763F-45E8-8D51-4BAFF1900A28}
		{E86E9B8D-BA2F-411E-BBD3-D70B0228A535} = {0A0E2DD3-2FBE-4B41-A8F3-3B3CA01830A2}
		{41710E78-907F-42E9-A43C-1142E64BD214} = {0A0E2DD3-2FBE-4B41-A8F3-3B3CA01830A2}
	EndGlobalSection
	GlobalSection(ExtensibilityGlobals) = postSolution
		SolutionGuid = {AFCCB5C5-80F3-4AE8-B21C-2007C408EBCD}
	EndGlobalSection
EndGlobal
